
Microsoft Visual Studio Solution File, Format Version 12.00
# Visual Studio Version 16
VisualStudioVersion = 16.0.29503.13
MinimumVisualStudioVersion = 10.0.40219.1
Project("{9A19103F-16F7-4668-BE54-9A1E7A4F7556}") = "FanSite", "FanSite\FanSite.csproj", "{BF406BC3-1DFA-4F43-B612-6096503C0C28}"
EndProject
Project("{FAE04EC0-301F-11D3-BF4B-00C04F79EFBC}") = "StoryTests", "StoryTests\StoryTests.csproj", "{44B1260F-5FB4-4014-A86B-AC909AA9F047}"
EndProject
Global
	GlobalSection(SolutionConfigurationPlatforms) = preSolution
		Debug|Any CPU = Debug|Any CPU
		Release|Any CPU = Release|Any CPU
	EndGlobalSection
	GlobalSection(ProjectConfigurationPlatforms) = postSolution
		{BF406BC3-1DFA-4F43-B612-6096503C0C28}.Debug|Any CPU.ActiveCfg = Debug|Any CPU
		{BF406BC3-1DFA-4F43-B612-6096503C0C28}.Debug|Any CPU.Build.0 = Debug|Any CPU
		{BF406BC3-1DFA-4F43-B612-6096503C0C28}.Release|Any CPU.ActiveCfg = Release|Any CPU
		{BF406BC3-1DFA-4F43-B612-6096503C0C28}.Release|Any CPU.Build.0 = Release|Any CPU
		{44B1260F-5FB4-4014-A86B-AC909AA9F047}.Debug|Any CPU.ActiveCfg = Debug|Any CPU
		{44B1260F-5FB4-4014-A86B-AC909AA9F047}.Debug|Any CPU.Build.0 = Debug|Any CPU
		{44B1260F-5FB4-4014-A86B-AC909AA9F047}.Release|Any CPU.ActiveCfg = Release|Any CPU
		{44B1260F-5FB4-4014-A86B-AC909AA9F047}.Release|Any CPU.Build.0 = Release|Any CPU
	EndGlobalSection
	GlobalSection(SolutionProperties) = preSolution
		HideSolutionNode = FALSE
	EndGlobalSection
	GlobalSection(ExtensibilityGlobals) = postSolution
		SolutionGuid = {455366D1-C3EA-450E-A7D1-EC9FFC32A01A}
	EndGlobalSection
EndGlobal
